
Microsoft Visual Studio Solution File, Format Version 12.00
# Visual Studio Version 16
VisualStudioVersion = 16.0.31129.286
MinimumVisualStudioVersion = 10.0.40219.1
Project("{FAE04EC0-301F-11D3-BF4B-00C04F79EFBC}") = "Medium.Accounts.APIRest", "Medium.Accounts.APIRest\Medium.Accounts.APIRest.csproj", "{6BF380DB-D841-4A0A-9557-8B2015FBBA47}"
EndProject
Global
	GlobalSection(SolutionConfigurationPlatforms) = preSolution
		Debug|Any CPU = Debug|Any CPU
		Release|Any CPU = Release|Any CPU
	EndGlobalSection
	GlobalSection(ProjectConfigurationPlatforms) = postSolution
		{6BF380DB-D841-4A0A-9557-8B2015FBBA47}.Debug|Any CPU.ActiveCfg = Debug|Any CPU
		{6BF380DB-D841-4A0A-9557-8B2015FBBA47}.Debug|Any CPU.Build.0 = Debug|Any CPU
		{6BF380DB-D841-4A0A-9557-8B2015FBBA47}.Release|Any CPU.ActiveCfg = Release|Any CPU
		{6BF380DB-D841-4A0A-9557-8B2015FBBA47}.Release|Any CPU.Build.0 = Release|Any CPU
	EndGlobalSection
	GlobalSection(SolutionProperties) = preSolution
		HideSolutionNode = FALSE
	EndGlobalSection
	GlobalSection(ExtensibilityGlobals) = postSolution
		SolutionGuid = {A083BBAE-8724-473A-A420-3BF7BCE609E6}
	EndGlobalSection
EndGlobal
