
Microsoft Visual Studio Solution File, Format Version 12.00
# Visual Studio Version 16
VisualStudioVersion = 16.0.31129.286
MinimumVisualStudioVersion = 10.0.40219.1
Project("{9A19103F-16F7-4668-BE54-9A1E7A4F7556}") = "Medium.GatewayOcelot", "Medium.ApiGatewayOcelot\Medium.GatewayOcelot.csproj", "{2D2B8E2F-036B-41A4-AA43-3F1E352D6F15}"
EndProject
Global
	GlobalSection(SolutionConfigurationPlatforms) = preSolution
		Debug|Any CPU = Debug|Any CPU
		Release|Any CPU = Release|Any CPU
	EndGlobalSection
	GlobalSection(ProjectConfigurationPlatforms) = postSolution
		{2D2B8E2F-036B-41A4-AA43-3F1E352D6F15}.Debug|Any CPU.ActiveCfg = Debug|Any CPU
		{2D2B8E2F-036B-41A4-AA43-3F1E352D6F15}.Debug|Any CPU.Build.0 = Debug|Any CPU
		{2D2B8E2F-036B-41A4-AA43-3F1E352D6F15}.Release|Any CPU.ActiveCfg = Release|Any CPU
		{2D2B8E2F-036B-41A4-AA43-3F1E352D6F15}.Release|Any CPU.Build.0 = Release|Any CPU
	EndGlobalSection
	GlobalSection(SolutionProperties) = preSolution
		HideSolutionNode = FALSE
	EndGlobalSection
	GlobalSection(ExtensibilityGlobals) = postSolution
		SolutionGuid = {A083BBAE-8724-473A-A420-3BF7BCE609E6}
	EndGlobalSection
EndGlobal
